
Microsoft Visual Studio Solution File, Format Version 12.00
# Visual Studio Version 17
VisualStudioVersion = 17.10.35004.147
MinimumVisualStudioVersion = 10.0.40219.1
Project("{9A19103F-16F7-4668-BE54-9A1E7A4F7556}") = "Inventory.Client", "Inventory.Client\Inventory.Client.csproj", "{847271F6-266F-4757-99BC-71FE5E04C3F0}"
EndProject
Project("{9A19103F-16F7-4668-BE54-9A1E7A4F7556}") = "Inventory.Server", "Inventory.Server\Inventory.Server.csproj", "{5CF738C1-A660-41B8-81B7-988F7ECE4094}"
EndProject
Project("{9A19103F-16F7-4668-BE54-9A1E7A4F7556}") = "Inventory.Shared", "Inventory.Shared\Inventory.Shared.csproj", "{E812B887-A837-4336-8104-996FEB5DE96A}"
EndProject
Global
	GlobalSection(SolutionConfigurationPlatforms) = preSolution
		Debug|Any CPU = Debug|Any CPU
		Release|Any CPU = Release|Any CPU
	EndGlobalSection
	GlobalSection(ProjectConfigurationPlatforms) = postSolution
		{847271F6-266F-4757-99BC-71FE5E04C3F0}.Debug|Any CPU.ActiveCfg = Debug|Any CPU
		{847271F6-266F-4757-99BC-71FE5E04C3F0}.Debug|Any CPU.Build.0 = Debug|Any CPU
		{847271F6-266F-4757-99BC-71FE5E04C3F0}.Release|Any CPU.ActiveCfg = Release|Any CPU
		{847271F6-266F-4757-99BC-71FE5E04C3F0}.Release|Any CPU.Build.0 = Release|Any CPU
		{5CF738C1-A660-41B8-81B7-988F7ECE4094}.Debug|Any CPU.ActiveCfg = Debug|Any CPU
		{5CF738C1-A660-41B8-81B7-988F7ECE4094}.Debug|Any CPU.Build.0 = Debug|Any CPU
		{5CF738C1-A660-41B8-81B7-988F7ECE4094}.Release|Any CPU.ActiveCfg = Release|Any CPU
		{5CF738C1-A660-41B8-81B7-988F7ECE4094}.Release|Any CPU.Build.0 = Release|Any CPU
		{E812B887-A837-4336-8104-996FEB5DE96A}.Debug|Any CPU.ActiveCfg = Debug|Any CPU
		{E812B887-A837-4336-8104-996FEB5DE96A}.Debug|Any CPU.Build.0 = Debug|Any CPU
		{E812B887-A837-4336-8104-996FEB5DE96A}.Release|Any CPU.ActiveCfg = Release|Any CPU
		{E812B887-A837-4336-8104-996FEB5DE96A}.Release|Any CPU.Build.0 = Release|Any CPU
	EndGlobalSection
	GlobalSection(SolutionProperties) = preSolution
		HideSolutionNode = FALSE
	EndGlobalSection
	GlobalSection(ExtensibilityGlobals) = postSolution
		SolutionGuid = {E000F1B1-DCA1-4F89-8FD4-93C524490E47}
	EndGlobalSection
EndGlobal
